# This file is autogenerated, do not edit; changes may be undone by the next 'dep ensure'.


[[projects]]
  branch = "master"
  digest = "1:99b2e09d42b4d0929e9e6ac496922f5221baa79b60968576d5ce310b44640c3b"
  name = "github.com/agnivade/levenshtein"
  packages = ["."]
  pruneopts = "UT"
  revision = "1787a73e302ce294513cfab1982e186f5cf8985f"

[[projects]]
  digest = "1:a2c1d0e43bd3baaa071d1b9ed72c27d78169b2b269f71c105ac4ba34b1be4a39"
  name = "github.com/davecgh/go-spew"
  packages = ["spew"]
  pruneopts = "UT"
  revision = "346938d642f2ec3594ed81d874461961cd0faa76"
  version = "v1.1.0"

[[projects]]
  digest = "1:66ddebb274faa160a4a23394a17ad3c8e15fee9bf5408d13f77d22b61bc7f072"
  name = "github.com/go-chi/chi"
  packages = ["."]
  pruneopts = "UT"
  revision = "e83ac2304db3c50cf03d96a2fcd39009d458bc35"
  version = "v3.3.2"

[[projects]]
  digest = "1:f3df613325a793ffb3d0ce7644a3bb6f62db45ac744dafe20172fe999c61cdbf"
  name = "github.com/gogo/protobuf"
  packages = [
    "io",
    "proto",
  ]
  pruneopts = "UT"
  revision = "1adfc126b41513cc696b209667c8656ea7aac67c"
  version = "v1.0.0"

[[projects]]
  digest = "1:160eabf7a69910fd74f29c692718bc2437c1c1c7d4c9dea9712357752a70e5df"
  name = "github.com/gorilla/context"
  packages = ["."]
  pruneopts = "UT"
  revision = "1ea25387ff6f684839d82767c1733ff4d4d15d0a"
  version = "v1.1"

[[projects]]
  digest = "1:88aa9e326e2bd6045a46e00a922954b3e1a9ac5787109f49ac85366df370e1e5"
  name = "github.com/gorilla/mux"
  packages = ["."]
  pruneopts = "UT"
  revision = "53c1911da2b537f792e7cafcb446b05ffe33b996"
  version = "v1.6.1"

[[projects]]
  digest = "1:43dd08a10854b2056e615d1b1d22ac94559d822e1f8b6fcc92c1a1057e85188e"
  name = "github.com/gorilla/websocket"
  packages = ["."]
  pruneopts = "UT"
  revision = "ea4d1f681babbce9545c9c5f3d5194a789c89f5b"
  version = "v1.2.0"

[[projects]]
  branch = "master"
  digest = "1:cf296baa185baae04a9a7004efee8511d08e2f5f51d4cbe5375da89722d681db"
  name = "github.com/hashicorp/golang-lru"
  packages = [
    ".",
    "simplelru",
  ]
  pruneopts = "UT"
  revision = "0fb14efe8c47ae851c0034ed7a448854d3d34cf3"

[[projects]]
  branch = "master"
  digest = "1:ab9cfaf00fc5db5fd9d8e5f33da52e62bcc977d1976503dcc2a1492f391bd9ed"
  name = "github.com/mitchellh/mapstructure"
  packages = ["."]
  pruneopts = "UT"
  revision = "a4e142e9c047c904fa2f1e144d9a84e6133024bc"

[[projects]]
  digest = "1:d07bd28263c09c5d7f6502e8ddac63e027eca0eafcd07632790d958b50360317"
  name = "github.com/opentracing/basictracer-go"
  packages = [
    ".",
    "wire",
  ]
  pruneopts = "UT"
  revision = "1b32af207119a14b1b231d451df3ed04a72efebf"
  version = "v1.0.0"

[[projects]]
  digest = "1:450b7623b185031f3a456801155c8320209f75d0d4c4e633c6b1e59d44d6e392"
  name = "github.com/opentracing/opentracing-go"
  packages = [
    ".",
    "ext",
    "log",
  ]
  pruneopts = "UT"
  revision = "1949ddbfd147afd4d964a9f00b24eb291e0e7c38"
  version = "v1.0.2"

[[projects]]
  digest = "1:40e195917a951a8bf867cd05de2a46aaf1806c50cf92eebf4c16f78cd196f747"
  name = "github.com/pkg/errors"
  packages = ["."]
  pruneopts = "UT"
  revision = "645ef00459ed84a119197bfb8d8205042c6df63d"
  version = "v0.8.0"

[[projects]]
  digest = "1:0028cb19b2e4c3112225cd871870f2d9cf49b9b4276531f03438a88e94be86fe"
  name = "github.com/pmezard/go-difflib"
  packages = ["difflib"]
  pruneopts = "UT"
  revision = "792786c7400a136282c1664665ae0a8db921c6c2"
  version = "v1.0.0"

[[projects]]
  digest = "1:b0c25f00bad20d783d259af2af8666969e2fc343fa0dc9efe52936bbd67fb758"
  name = "github.com/rs/cors"
  packages = ["."]
  pruneopts = "UT"
  revision = "9a47f48565a795472d43519dd49aac781f3034fb"
  version = "v1.6.0"

[[projects]]
  branch = "master"
  digest = "1:7ca2584fa7da0520cd2d1136a10194fe5a5b220bdb215074ab6f7b5ad91115f4"
  name = "github.com/shurcooL/httpfs"
  packages = ["vfsutil"]
  pruneopts = "UT"
  revision = "809beceb23714880abc4a382a00c05f89d13b1cc"

[[projects]]
  branch = "master"
  digest = "1:a3f0c6930421c8a4c02aaf2a00c5e7b808204b15a47b1d8c285c1e9cbda886b5"
  name = "github.com/shurcooL/vfsgen"
  packages = ["."]
  pruneopts = "UT"
  revision = "ffb13db8def02f545acc58bd288ec6057c2bbfb9"

[[projects]]
  digest = "1:7e8d267900c7fa7f35129a2a37596e38ed0f11ca746d6d9ba727980ee138f9f6"
  name = "github.com/stretchr/testify"
  packages = [
    "assert",
    "require",
  ]
  pruneopts = "UT"
  revision = "12b6f73e6084dad08a7c6e575284b177ecafbc71"
  version = "v1.2.1"

[[projects]]
  digest = "1:b24d38b282bacf9791408a080f606370efa3d364e4b5fd9ba0f7b87786d3b679"
  name = "github.com/urfave/cli"
  packages = ["."]
  pruneopts = "UT"
  revision = "cfb38830724cc34fedffe9a2a29fb54fa9169cd1"
  version = "v1.20.0"

[[projects]]
  branch = "master"
  digest = "1:3684f335059f8441260c3e949c0b99de97ea1057ecc493fdbd72ff3c27863277"
  name = "github.com/vektah/dataloaden"
  packages = ["."]
  pruneopts = "UT"
  revision = "314ac81052eedc03ac0a79bdc89d05a49a2a5814"

[[projects]]
  digest = "1:ed6a41de3eedd8d4868eea057837860453ebbe08c5e385fd50d4c24e5642ec18"
  name = "github.com/vektah/gqlparser"
  packages = [
    ".",
    "ast",
    "gqlerror",
    "lexer",
    "parser",
    "validator",
    "validator/rules",
  ]
  pruneopts = "UT"
  revision = "e805d08bb209b1accdea76bd2327811858d81985"
  version = "v1.0.0"

[[projects]]
  branch = "master"
  digest = "1:76ee51c3f468493aff39dbacc401e8831fbb765104cbf613b89bef01cf4bad70"
  name = "golang.org/x/net"
  packages = ["context"]
  pruneopts = "UT"
  revision = "b3c676e531a6dc479fa1b35ac961c13f5e2b4d2e"

[[projects]]
  branch = "master"
  digest = "1:3cbc05413b8aac22b1f6d4350ed696b5a83a8515a4136db8f1ec3a0aee3d76e1"
  name = "golang.org/x/tools"
  packages = [
    "go/ast/astutil",
    "go/buildutil",
    "go/loader",
    "imports",
  ]
  pruneopts = "UT"
  revision = "ce871d178848e3eea1e8795e5cfb74053dde4bb9"

[[projects]]
  digest = "1:342378ac4dcb378a5448dd723f0784ae519383532f5e70ade24132c4c8693202"
  name = "gopkg.in/yaml.v2"
  packages = ["."]
  pruneopts = "UT"
  revision = "5420a8b6744d3b0345ab293f6fcba19c978f1183"
  version = "v2.2.1"

[[projects]]
  branch = "master"
  digest = "1:741ebea9214cc226789d3003baeca9b169e04b5b336fb1a3b2c16e75bd296bb5"
  name = "sourcegraph.com/sourcegraph/appdash"
  packages = [
    ".",
    "httptrace",
    "internal/wire",
    "opentracing",
    "sqltrace",
    "traceapp",
    "traceapp/tmpl",
  ]
  pruneopts = "UT"
  revision = "2cc67fd647551af94593ecaaa89fe4e5b2940a3e"

[[projects]]
  branch = "master"
  digest = "1:8e0a2957fe342f22d70a543c3fcdf390f7627419c3d82d87ab4fd715a9ef5716"
  name = "sourcegraph.com/sourcegraph/appdash-data"
  packages = ["."]
  pruneopts = "UT"
  revision = "73f23eafcf67cad684fba328dd545a116ac273ff"

[solve-meta]
  analyzer-name = "dep"
  analyzer-version = 1
  input-imports = [
    "github.com/go-chi/chi",
    "github.com/gorilla/websocket",
    "github.com/hashicorp/golang-lru",
    "github.com/mitchellh/mapstructure",
    "github.com/opentracing/opentracing-go",
    "github.com/pkg/errors",
    "github.com/rs/cors",
    "github.com/stretchr/testify/assert",
    "github.com/stretchr/testify/require",
    "github.com/urfave/cli",
    "github.com/vektah/dataloaden",
    "github.com/vektah/gqlparser",
    "github.com/vektah/gqlparser/ast",
    "github.com/vektah/gqlparser/gqlerror",
    "github.com/vektah/gqlparser/parser",
    "github.com/vektah/gqlparser/validator",
    "golang.org/x/tools/go/ast/astutil",
    "golang.org/x/tools/go/loader",
    "golang.org/x/tools/imports",
    "gopkg.in/yaml.v2",
    "sourcegraph.com/sourcegraph/appdash",
    "sourcegraph.com/sourcegraph/appdash/opentracing",
    "sourcegraph.com/sourcegraph/appdash/traceapp",
  ]
  solver-name = "gps-cdcl"
  solver-version = 1
